
Microsoft Visual Studio Solution File, Format Version 12.00
# Visual Studio Version 16
VisualStudioVersion = 16.0.29306.81
MinimumVisualStudioVersion = 10.0.40219.1
Project("{FAE04EC0-301F-11D3-BF4B-00C04F79EFBC}") = "Daigassou", "Daigassou\Daigassou.csproj", "{392B1F7C-5D18-4ABD-84A4-7E01FC6CCA13}"
EndProject
Project("{FAE04EC0-301F-11D3-BF4B-00C04F79EFBC}") = "MidiKeyBoardTest", "MidiKeyBoardTest\MidiKeyBoardTest.csproj", "{A760AD8F-C6E1-4670-8AAA-4237F45F0C8F}"
EndProject
Project("{FAE04EC0-301F-11D3-BF4B-00C04F79EFBC}") = "HotkeyControl", "HotkeyControl\HotkeyControl.csproj", "{DF834658-4DB6-4DDB-80AF-6E8830F92BCB}"
EndProject
Global
	GlobalSection(SolutionConfigurationPlatforms) = preSolution
		Debug|Any CPU = Debug|Any CPU
		Debug|x64 = Debug|x64
		Release|Any CPU = Release|Any CPU
		Release|x64 = Release|x64
	EndGlobalSection
	GlobalSection(ProjectConfigurationPlatforms) = postSolution
		{392B1F7C-5D18-4ABD-84A4-7E01FC6CCA13}.Debug|Any CPU.ActiveCfg = Debug|Any CPU
		{392B1F7C-5D18-4ABD-84A4-7E01FC6CCA13}.Debug|Any CPU.Build.0 = Debug|Any CPU
		{392B1F7C-5D18-4ABD-84A4-7E01FC6CCA13}.Debug|x64.ActiveCfg = Debug|x64
		{392B1F7C-5D18-4ABD-84A4-7E01FC6CCA13}.Debug|x64.Build.0 = Debug|x64
		{392B1F7C-5D18-4ABD-84A4-7E01FC6CCA13}.Release|Any CPU.ActiveCfg = Release|Any CPU
		{392B1F7C-5D18-4ABD-84A4-7E01FC6CCA13}.Release|Any CPU.Build.0 = Release|Any CPU
		{392B1F7C-5D18-4ABD-84A4-7E01FC6CCA13}.Release|x64.ActiveCfg = Release|x64
		{392B1F7C-5D18-4ABD-84A4-7E01FC6CCA13}.Release|x64.Build.0 = Release|x64
		{A760AD8F-C6E1-4670-8AAA-4237F45F0C8F}.Debug|Any CPU.ActiveCfg = Debug|Any CPU
		{A760AD8F-C6E1-4670-8AAA-4237F45F0C8F}.Debug|Any CPU.Build.0 = Debug|Any CPU
		{A760AD8F-C6E1-4670-8AAA-4237F45F0C8F}.Debug|x64.ActiveCfg = Debug|x64
		{A760AD8F-C6E1-4670-8AAA-4237F45F0C8F}.Debug|x64.Build.0 = Debug|x64
		{A760AD8F-C6E1-4670-8AAA-4237F45F0C8F}.Release|Any CPU.ActiveCfg = Release|Any CPU
		{A760AD8F-C6E1-4670-8AAA-4237F45F0C8F}.Release|Any CPU.Build.0 = Release|Any CPU
		{A760AD8F-C6E1-4670-8AAA-4237F45F0C8F}.Release|x64.ActiveCfg = Release|x64
		{A760AD8F-C6E1-4670-8AAA-4237F45F0C8F}.Release|x64.Build.0 = Release|x64
		{DF834658-4DB6-4DDB-80AF-6E8830F92BCB}.Debug|Any CPU.ActiveCfg = Debug|Any CPU
		{DF834658-4DB6-4DDB-80AF-6E8830F92BCB}.Debug|Any CPU.Build.0 = Debug|Any CPU
		{DF834658-4DB6-4DDB-80AF-6E8830F92BCB}.Debug|x64.ActiveCfg = Debug|Any CPU
		{DF834658-4DB6-4DDB-80AF-6E8830F92BCB}.Debug|x64.Build.0 = Debug|Any CPU
		{DF834658-4DB6-4DDB-80AF-6E8830F92BCB}.Release|Any CPU.ActiveCfg = Release|Any CPU
		{DF834658-4DB6-4DDB-80AF-6E8830F92BCB}.Release|Any CPU.Build.0 = Release|Any CPU
		{DF834658-4DB6-4DDB-80AF-6E8830F92BCB}.Release|x64.ActiveCfg = Release|Any CPU
		{DF834658-4DB6-4DDB-80AF-6E8830F92BCB}.Release|x64.Build.0 = Release|Any CPU
	EndGlobalSection
	GlobalSection(SolutionProperties) = preSolution
		HideSolutionNode = FALSE
	EndGlobalSection
	GlobalSection(ExtensibilityGlobals) = postSolution
		SolutionGuid = {7F874FC1-2D60-4D4D-87BF-782F921B85AF}
	EndGlobalSection
EndGlobal
