
Microsoft Visual Studio Solution File, Format Version 12.00
# Visual Studio 15
VisualStudioVersion = 15.0.27428.2002
MinimumVisualStudioVersion = 10.0.40219.1
Project("{FAE04EC0-301F-11D3-BF4B-00C04F79EFBC}") = "Daigassou", "Daigassou\Daigassou.csproj", "{392B1F7C-5D18-4ABD-84A4-7E01FC6CCA13}"
EndProject
Global
	GlobalSection(SolutionConfigurationPlatforms) = preSolution
		Debug|Any CPU = Debug|Any CPU
		Release|Any CPU = Release|Any CPU
	EndGlobalSection
	GlobalSection(ProjectConfigurationPlatforms) = postSolution
		{392B1F7C-5D18-4ABD-84A4-7E01FC6CCA13}.Debug|Any CPU.ActiveCfg = Debug|Any CPU
		{392B1F7C-5D18-4ABD-84A4-7E01FC6CCA13}.Debug|Any CPU.Build.0 = Debug|Any CPU
		{392B1F7C-5D18-4ABD-84A4-7E01FC6CCA13}.Release|Any CPU.ActiveCfg = Release|Any CPU
		{392B1F7C-5D18-4ABD-84A4-7E01FC6CCA13}.Release|Any CPU.Build.0 = Release|Any CPU
	EndGlobalSection
	GlobalSection(SolutionProperties) = preSolution
		HideSolutionNode = FALSE
	EndGlobalSection
	GlobalSection(ExtensibilityGlobals) = postSolution
		SolutionGuid = {7F874FC1-2D60-4D4D-87BF-782F921B85AF}
	EndGlobalSection
EndGlobal
